
Microsoft Visual Studio Solution File, Format Version 11.00
# Visual Studio 2010
Project("{FAE04EC0-301F-11D3-BF4B-00C04F79EFBC}") = "WaterSystem", "WaterSystem.csproj", "{5b6a9550-51f7-b429-89d5-2ef2f119bf03}"
EndProject
Project("{FAE04EC0-301F-11D3-BF4B-00C04F79EFBC}") = "Assembly-CSharp", "Assembly-CSharp.csproj", "{fd77d24a-b17b-6252-0fc0-6696b86615c6}"
EndProject
Project("{FAE04EC0-301F-11D3-BF4B-00C04F79EFBC}") = "WaterSystem.Editor", "WaterSystem.Editor.csproj", "{f9520d1b-ec0c-a8e5-c148-ab0039d94c68}"
EndProject
Project("{FAE04EC0-301F-11D3-BF4B-00C04F79EFBC}") = "Assembly-CSharp-Editor", "Assembly-CSharp-Editor.csproj", "{0f272b9b-8770-eb51-80b0-26e9a0586529}"
EndProject
Global
	GlobalSection(SolutionConfigurationPlatforms) = preSolution
		Debug|Any CPU = Debug|Any CPU
	EndGlobalSection
	GlobalSection(ProjectConfigurationPlatforms) = postSolution
		{5b6a9550-51f7-b429-89d5-2ef2f119bf03}.Debug|Any CPU.ActiveCfg = Debug|Any CPU
		{5b6a9550-51f7-b429-89d5-2ef2f119bf03}.Debug|Any CPU.Build.0 = Debug|Any CPU
		{fd77d24a-b17b-6252-0fc0-6696b86615c6}.Debug|Any CPU.ActiveCfg = Debug|Any CPU
		{fd77d24a-b17b-6252-0fc0-6696b86615c6}.Debug|Any CPU.Build.0 = Debug|Any CPU
		{f9520d1b-ec0c-a8e5-c148-ab0039d94c68}.Debug|Any CPU.ActiveCfg = Debug|Any CPU
		{f9520d1b-ec0c-a8e5-c148-ab0039d94c68}.Debug|Any CPU.Build.0 = Debug|Any CPU
		{0f272b9b-8770-eb51-80b0-26e9a0586529}.Debug|Any CPU.ActiveCfg = Debug|Any CPU
		{0f272b9b-8770-eb51-80b0-26e9a0586529}.Debug|Any CPU.Build.0 = Debug|Any CPU
	EndGlobalSection
	GlobalSection(SolutionProperties) = preSolution
		HideSolutionNode = FALSE
	EndGlobalSection
EndGlobal
